
Microsoft Visual Studio Solution File, Format Version 12.00
# Visual Studio Version 16
VisualStudioVersion = 16.0.31729.503
MinimumVisualStudioVersion = 10.0.40219.1
Project("{FAE04EC0-301F-11D3-BF4B-00C04F79EFBC}") = "Offence Binary Classifier", "Offence Binary Classifier\Offence Binary Classifier.csproj", "{D1E42BED-F11C-4FCF-94E8-C1A91335250A}"
EndProject
Global
	GlobalSection(SolutionConfigurationPlatforms) = preSolution
		Debug|Any CPU = Debug|Any CPU
		Debug|x64 = Debug|x64
		Release|Any CPU = Release|Any CPU
		Release|x64 = Release|x64
	EndGlobalSection
	GlobalSection(ProjectConfigurationPlatforms) = postSolution
		{D1E42BED-F11C-4FCF-94E8-C1A91335250A}.Debug|Any CPU.ActiveCfg = Debug|Any CPU
		{D1E42BED-F11C-4FCF-94E8-C1A91335250A}.Debug|Any CPU.Build.0 = Debug|Any CPU
		{D1E42BED-F11C-4FCF-94E8-C1A91335250A}.Debug|x64.ActiveCfg = Debug|x64
		{D1E42BED-F11C-4FCF-94E8-C1A91335250A}.Debug|x64.Build.0 = Debug|x64
		{D1E42BED-F11C-4FCF-94E8-C1A91335250A}.Release|Any CPU.ActiveCfg = Release|Any CPU
		{D1E42BED-F11C-4FCF-94E8-C1A91335250A}.Release|Any CPU.Build.0 = Release|Any CPU
		{D1E42BED-F11C-4FCF-94E8-C1A91335250A}.Release|x64.ActiveCfg = Release|x64
		{D1E42BED-F11C-4FCF-94E8-C1A91335250A}.Release|x64.Build.0 = Release|x64
	EndGlobalSection
	GlobalSection(SolutionProperties) = preSolution
		HideSolutionNode = FALSE
	EndGlobalSection
	GlobalSection(ExtensibilityGlobals) = postSolution
		SolutionGuid = {E07CE213-E234-4C2E-BA2C-1EA57B0BE230}
	EndGlobalSection
EndGlobal
